// !$*UTF8*$!
{
	archiveVersion = 1;
	classes = {
	};
	objectVersion = 56;
	objects = {

/* Begin PBXBuildFile section */
		70C18E20293678E9009C09D0 /* SelektorApp.swift in Sources */ = {isa = PBXBuildFile; fileRef = 70C18E1F293678E9009C09D0 /* SelektorApp.swift */; };
		70C18E22293678E9009C09D0 /* ContentView.swift in Sources */ = {isa = PBXBuildFile; fileRef = 70C18E21293678E9009C09D0 /* ContentView.swift */; };
		70C18E24293678EB009C09D0 /* Assets.xcassets in Resources */ = {isa = PBXBuildFile; fileRef = 70C18E23293678EB009C09D0 /* Assets.xcassets */; };
		70C18E27293678EB009C09D0 /* Preview Assets.xcassets in Resources */ = {isa = PBXBuildFile; fileRef = 70C18E26293678EB009C09D0 /* Preview Assets.xcassets */; };
		70C18E29293678EB009C09D0 /* Persistence.swift in Sources */ = {isa = PBXBuildFile; fileRef = 70C18E28293678EB009C09D0 /* Persistence.swift */; };
		70C18E2C293678EB009C09D0 /* Selektor.xcdatamodeld in Sources */ = {isa = PBXBuildFile; fileRef = 70C18E2A293678EB009C09D0 /* Selektor.xcdatamodeld */; };
		70C18E37293678EB009C09D0 /* SelektorTests.swift in Sources */ = {isa = PBXBuildFile; fileRef = 70C18E36293678EB009C09D0 /* SelektorTests.swift */; };
		70C18E41293678EB009C09D0 /* SelektorUITests.swift in Sources */ = {isa = PBXBuildFile; fileRef = 70C18E40293678EB009C09D0 /* SelektorUITests.swift */; };
		70C18E43293678EB009C09D0 /* SelektorUITestsLaunchTests.swift in Sources */ = {isa = PBXBuildFile; fileRef = 70C18E42293678EB009C09D0 /* SelektorUITestsLaunchTests.swift */; };
		70C18E562936797C009C09D0 /* WidgetKit.framework in Frameworks */ = {isa = PBXBuildFile; fileRef = 70C18E552936797C009C09D0 /* WidgetKit.framework */; };
		70C18E582936797C009C09D0 /* SwiftUI.framework in Frameworks */ = {isa = PBXBuildFile; fileRef = 70C18E572936797C009C09D0 /* SwiftUI.framework */; };
		70C18E5B2936797C009C09D0 /* SelektorWatch.swift in Sources */ = {isa = PBXBuildFile; fileRef = 70C18E5A2936797C009C09D0 /* SelektorWatch.swift */; };
		70C18E5E2936797E009C09D0 /* Assets.xcassets in Resources */ = {isa = PBXBuildFile; fileRef = 70C18E5D2936797E009C09D0 /* Assets.xcassets */; };
		70C18E602936797E009C09D0 /* SelektorWatch.intentdefinition in Sources */ = {isa = PBXBuildFile; fileRef = 70C18E5C2936797C009C09D0 /* SelektorWatch.intentdefinition */; };
		70C18E6429367CB6009C09D0 /* SelektorWatchExtension.appex in Resources */ = {isa = PBXBuildFile; fileRef = 70C18E532936797C009C09D0 /* SelektorWatchExtension.appex */; };
		70C18E682936865A009C09D0 /* BackgroundTasks.framework in Frameworks */ = {isa = PBXBuildFile; fileRef = 70C18E672936865A009C09D0 /* BackgroundTasks.framework */; };
		70C18E6A29369742009C09D0 /* Selector.swift in Sources */ = {isa = PBXBuildFile; fileRef = 70C18E6929369742009C09D0 /* Selector.swift */; };
		70C18E6C2936990E009C09D0 /* AppDelegate.swift in Sources */ = {isa = PBXBuildFile; fileRef = 70C18E6B2936990E009C09D0 /* AppDelegate.swift */; };
		70C18E6E29369F9C009C09D0 /* Result.swift in Sources */ = {isa = PBXBuildFile; fileRef = 70C18E6D29369F9C009C09D0 /* Result.swift */; };
		70C18E712936A743009C09D0 /* SwiftMsgpack in Frameworks */ = {isa = PBXBuildFile; productRef = 70C18E702936A743009C09D0 /* SwiftMsgpack */; };
		70C18E722936A7AB009C09D0 /* Result.swift in Sources */ = {isa = PBXBuildFile; fileRef = 70C18E6D29369F9C009C09D0 /* Result.swift */; };
		70C18E742936AA83009C09D0 /* SelectorView.swift in Sources */ = {isa = PBXBuildFile; fileRef = 70C18E732936AA82009C09D0 /* SelectorView.swift */; };
		70C18E762936AAF3009C09D0 /* Config.swift in Sources */ = {isa = PBXBuildFile; fileRef = 70C18E752936AAF3009C09D0 /* Config.swift */; };
		70C18E782936C770009C09D0 /* Ext.swift in Sources */ = {isa = PBXBuildFile; fileRef = 70C18E772936C770009C09D0 /* Ext.swift */; };
		70C18E7A2936DE64009C09D0 /* Duration.swift in Sources */ = {isa = PBXBuildFile; fileRef = 70C18E792936DE64009C09D0 /* Duration.swift */; };
		70E20EB829371E5300F2B2B3 /* WebView.swift in Sources */ = {isa = PBXBuildFile; fileRef = 70E20EB729371E5300F2B2B3 /* WebView.swift */; };
		70E20EBB2937314000F2B2B3 /* Erik in Frameworks */ = {isa = PBXBuildFile; productRef = 70E20EBA2937314000F2B2B3 /* Erik */; };
		70E20EBD2937EA9A00F2B2B3 /* WebKit.framework in Frameworks */ = {isa = PBXBuildFile; fileRef = 70E20EBC2937EA9A00F2B2B3 /* WebKit.framework */; };
		70E20EBF2937EABB00F2B2B3 /* Erik in Frameworks */ = {isa = PBXBuildFile; productRef = 70E20EBE2937EABB00F2B2B3 /* Erik */; };
		70E20EC12937EAC900F2B2B3 /* WebKit.framework in Frameworks */ = {isa = PBXBuildFile; fileRef = 70E20EC02937EAC800F2B2B3 /* WebKit.framework */; };
		70E20EC329392D8200F2B2B3 /* UITextViewWrapper.swift in Sources */ = {isa = PBXBuildFile; fileRef = 70E20EC229392D8200F2B2B3 /* UITextViewWrapper.swift */; };
		70E20EC52939326200F2B2B3 /* MultilineTextField.swift in Sources */ = {isa = PBXBuildFile; fileRef = 70E20EC42939326200F2B2B3 /* MultilineTextField.swift */; };
		70E20EC72939376500F2B2B3 /* ValueSelector.swift in Sources */ = {isa = PBXBuildFile; fileRef = 70E20EC62939376500F2B2B3 /* ValueSelector.swift */; };
		70E20EE5293A940200F2B2B3 /* WidgetKit.framework in Frameworks */ = {isa = PBXBuildFile; fileRef = 70C18E552936797C009C09D0 /* WidgetKit.framework */; };
		70E20EE6293A940200F2B2B3 /* SwiftUI.framework in Frameworks */ = {isa = PBXBuildFile; fileRef = 70C18E572936797C009C09D0 /* SwiftUI.framework */; };
		70E20EE9293A940200F2B2B3 /* SelektorWidgets.swift in Sources */ = {isa = PBXBuildFile; fileRef = 70E20EE8293A940200F2B2B3 /* SelektorWidgets.swift */; };
		70E20EEC293A940300F2B2B3 /* Assets.xcassets in Resources */ = {isa = PBXBuildFile; fileRef = 70E20EEB293A940300F2B2B3 /* Assets.xcassets */; };
		70E20EEE293A940300F2B2B3 /* SelektorWidgets.intentdefinition in Sources */ = {isa = PBXBuildFile; fileRef = 70E20EEA293A940200F2B2B3 /* SelektorWidgets.intentdefinition */; };
		70E20EEF293A940300F2B2B3 /* SelektorWidgets.intentdefinition in Sources */ = {isa = PBXBuildFile; fileRef = 70E20EEA293A940200F2B2B3 /* SelektorWidgets.intentdefinition */; };
		70E20EF2293A940300F2B2B3 /* SelektorWidgetsExtension.appex in Embed Foundation Extensions */ = {isa = PBXBuildFile; fileRef = 70E20EE4293A940200F2B2B3 /* SelektorWidgetsExtension.appex */; settings = {ATTRIBUTES = (RemoveHeadersOnCopy, ); }; };
		70E20EF6293A9FA100F2B2B3 /* Persistence.swift in Sources */ = {isa = PBXBuildFile; fileRef = 70C18E28293678EB009C09D0 /* Persistence.swift */; };
		70E20EF9293AA23600F2B2B3 /* Selektor.xcdatamodeld in Sources */ = {isa = PBXBuildFile; fileRef = 70C18E2A293678EB009C09D0 /* Selektor.xcdatamodeld */; };
		70E20EFA293AA51100F2B2B3 /* Selector.swift in Sources */ = {isa = PBXBuildFile; fileRef = 70C18E6929369742009C09D0 /* Selector.swift */; };
		70E20EFB293E779800F2B2B3 /* Config.swift in Sources */ = {isa = PBXBuildFile; fileRef = 70C18E752936AAF3009C09D0 /* Config.swift */; };
		70E20EFC293E7AF000F2B2B3 /* Result.swift in Sources */ = {isa = PBXBuildFile; fileRef = 70C18E6D29369F9C009C09D0 /* Result.swift */; };
		70E20EFD293E7B1000F2B2B3 /* Duration.swift in Sources */ = {isa = PBXBuildFile; fileRef = 70C18E792936DE64009C09D0 /* Duration.swift */; };
		70E20F00293E7BCF00F2B2B3 /* SwiftMsgpack in Frameworks */ = {isa = PBXBuildFile; productRef = 70E20EFF293E7BCF00F2B2B3 /* SwiftMsgpack */; };
		70E20F02293E7D9100F2B2B3 /* Scheduler.swift in Sources */ = {isa = PBXBuildFile; fileRef = 70E20F01293E7D9000F2B2B3 /* Scheduler.swift */; };
		70E20F04293EA72800F2B2B3 /* HistoryView.swift in Sources */ = {isa = PBXBuildFile; fileRef = 70E20F03293EA72800F2B2B3 /* HistoryView.swift */; };
		70E20F06293F009800F2B2B3 /* Constants.swift in Sources */ = {isa = PBXBuildFile; fileRef = 70E20F05293F009800F2B2B3 /* Constants.swift */; };
		70E20F082940050B00F2B2B3 /* DownloadManager.swift in Sources */ = {isa = PBXBuildFile; fileRef = 70E20F072940050B00F2B2B3 /* DownloadManager.swift */; };
		70E20F0A2941618600F2B2B3 /* AlertConfigView.swift in Sources */ = {isa = PBXBuildFile; fileRef = 70E20F092941618600F2B2B3 /* AlertConfigView.swift */; };
/* End PBXBuildFile section */

/* Begin PBXContainerItemProxy section */
		70C18E33293678EB009C09D0 /* PBXContainerItemProxy */ = {
			isa = PBXContainerItemProxy;
			containerPortal = 70C18E14293678E9009C09D0 /* Project object */;
			proxyType = 1;
			remoteGlobalIDString = 70C18E1B293678E9009C09D0;
			remoteInfo = Selektor;
		};
		70C18E3D293678EB009C09D0 /* PBXContainerItemProxy */ = {
			isa = PBXContainerItemProxy;
			containerPortal = 70C18E14293678E9009C09D0 /* Project object */;
			proxyType = 1;
			remoteGlobalIDString = 70C18E1B293678E9009C09D0;
			remoteInfo = Selektor;
		};
		70C18E6529367D11009C09D0 /* PBXContainerItemProxy */ = {
			isa = PBXContainerItemProxy;
			containerPortal = 70C18E14293678E9009C09D0 /* Project object */;
			proxyType = 1;
			remoteGlobalIDString = 70C18E522936797C009C09D0;
			remoteInfo = SelektorWatchExtension;
		};
		70E20EF0293A940300F2B2B3 /* PBXContainerItemProxy */ = {
			isa = PBXContainerItemProxy;
			containerPortal = 70C18E14293678E9009C09D0 /* Project object */;
			proxyType = 1;
			remoteGlobalIDString = 70E20EE3293A940200F2B2B3;
			remoteInfo = SelektorWidgetsExtension;
		};
/* End PBXContainerItemProxy section */

/* Begin PBXCopyFilesBuildPhase section */
		70E20EDF293A8EA600F2B2B3 /* Embed Foundation Extensions */ = {
			isa = PBXCopyFilesBuildPhase;
			buildActionMask = 2147483647;
			dstPath = "";
			dstSubfolderSpec = 13;
			files = (
				70E20EF2293A940300F2B2B3 /* SelektorWidgetsExtension.appex in Embed Foundation Extensions */,
			);
			name = "Embed Foundation Extensions";
			runOnlyForDeploymentPostprocessing = 0;
		};
/* End PBXCopyFilesBuildPhase section */

/* Begin PBXFileReference section */
		70C18E1C293678E9009C09D0 /* Selektor.app */ = {isa = PBXFileReference; explicitFileType = wrapper.application; includeInIndex = 0; path = Selektor.app; sourceTree = BUILT_PRODUCTS_DIR; };
		70C18E1F293678E9009C09D0 /* SelektorApp.swift */ = {isa = PBXFileReference; lastKnownFileType = sourcecode.swift; path = SelektorApp.swift; sourceTree = "<group>"; };
		70C18E21293678E9009C09D0 /* ContentView.swift */ = {isa = PBXFileReference; lastKnownFileType = sourcecode.swift; path = ContentView.swift; sourceTree = "<group>"; };
		70C18E23293678EB009C09D0 /* Assets.xcassets */ = {isa = PBXFileReference; lastKnownFileType = folder.assetcatalog; path = Assets.xcassets; sourceTree = "<group>"; };
		70C18E26293678EB009C09D0 /* Preview Assets.xcassets */ = {isa = PBXFileReference; lastKnownFileType = folder.assetcatalog; path = "Preview Assets.xcassets"; sourceTree = "<group>"; };
		70C18E28293678EB009C09D0 /* Persistence.swift */ = {isa = PBXFileReference; lastKnownFileType = sourcecode.swift; path = Persistence.swift; sourceTree = "<group>"; };
		70C18E2B293678EB009C09D0 /* Selektor.xcdatamodel */ = {isa = PBXFileReference; lastKnownFileType = wrapper.xcdatamodel; path = Selektor.xcdatamodel; sourceTree = "<group>"; };
		70C18E2D293678EB009C09D0 /* Info.plist */ = {isa = PBXFileReference; lastKnownFileType = text.plist.xml; path = Info.plist; sourceTree = "<group>"; };
		70C18E32293678EB009C09D0 /* SelektorTests.xctest */ = {isa = PBXFileReference; explicitFileType = wrapper.cfbundle; includeInIndex = 0; path = SelektorTests.xctest; sourceTree = BUILT_PRODUCTS_DIR; };
		70C18E36293678EB009C09D0 /* SelektorTests.swift */ = {isa = PBXFileReference; lastKnownFileType = sourcecode.swift; path = SelektorTests.swift; sourceTree = "<group>"; };
		70C18E3C293678EB009C09D0 /* SelektorUITests.xctest */ = {isa = PBXFileReference; explicitFileType = wrapper.cfbundle; includeInIndex = 0; path = SelektorUITests.xctest; sourceTree = BUILT_PRODUCTS_DIR; };
		70C18E40293678EB009C09D0 /* SelektorUITests.swift */ = {isa = PBXFileReference; lastKnownFileType = sourcecode.swift; path = SelektorUITests.swift; sourceTree = "<group>"; };
		70C18E42293678EB009C09D0 /* SelektorUITestsLaunchTests.swift */ = {isa = PBXFileReference; lastKnownFileType = sourcecode.swift; path = SelektorUITestsLaunchTests.swift; sourceTree = "<group>"; };
		70C18E532936797C009C09D0 /* SelektorWatchExtension.appex */ = {isa = PBXFileReference; explicitFileType = "wrapper.app-extension"; includeInIndex = 0; path = SelektorWatchExtension.appex; sourceTree = BUILT_PRODUCTS_DIR; };
		70C18E552936797C009C09D0 /* WidgetKit.framework */ = {isa = PBXFileReference; lastKnownFileType = wrapper.framework; name = WidgetKit.framework; path = System/Library/Frameworks/WidgetKit.framework; sourceTree = SDKROOT; };
		70C18E572936797C009C09D0 /* SwiftUI.framework */ = {isa = PBXFileReference; lastKnownFileType = wrapper.framework; name = SwiftUI.framework; path = System/Library/Frameworks/SwiftUI.framework; sourceTree = SDKROOT; };
		70C18E5A2936797C009C09D0 /* SelektorWatch.swift */ = {isa = PBXFileReference; lastKnownFileType = sourcecode.swift; path = SelektorWatch.swift; sourceTree = "<group>"; };
		70C18E5C2936797C009C09D0 /* SelektorWatch.intentdefinition */ = {isa = PBXFileReference; lastKnownFileType = file.intentdefinition; path = SelektorWatch.intentdefinition; sourceTree = "<group>"; };
		70C18E5D2936797E009C09D0 /* Assets.xcassets */ = {isa = PBXFileReference; lastKnownFileType = folder.assetcatalog; path = Assets.xcassets; sourceTree = "<group>"; };
		70C18E5F2936797E009C09D0 /* Info.plist */ = {isa = PBXFileReference; lastKnownFileType = text.plist.xml; path = Info.plist; sourceTree = "<group>"; };
		70C18E672936865A009C09D0 /* BackgroundTasks.framework */ = {isa = PBXFileReference; lastKnownFileType = wrapper.framework; name = BackgroundTasks.framework; path = System/Library/Frameworks/BackgroundTasks.framework; sourceTree = SDKROOT; };
		70C18E6929369742009C09D0 /* Selector.swift */ = {isa = PBXFileReference; lastKnownFileType = sourcecode.swift; path = Selector.swift; sourceTree = "<group>"; };
		70C18E6B2936990E009C09D0 /* AppDelegate.swift */ = {isa = PBXFileReference; lastKnownFileType = sourcecode.swift; path = AppDelegate.swift; sourceTree = "<group>"; };
		70C18E6D29369F9C009C09D0 /* Result.swift */ = {isa = PBXFileReference; lastKnownFileType = sourcecode.swift; path = Result.swift; sourceTree = "<group>"; };
		70C18E732936AA82009C09D0 /* SelectorView.swift */ = {isa = PBXFileReference; lastKnownFileType = sourcecode.swift; path = SelectorView.swift; sourceTree = "<group>"; };
		70C18E752936AAF3009C09D0 /* Config.swift */ = {isa = PBXFileReference; lastKnownFileType = sourcecode.swift; path = Config.swift; sourceTree = "<group>"; };
		70C18E772936C770009C09D0 /* Ext.swift */ = {isa = PBXFileReference; lastKnownFileType = sourcecode.swift; path = Ext.swift; sourceTree = "<group>"; };
		70C18E792936DE64009C09D0 /* Duration.swift */ = {isa = PBXFileReference; lastKnownFileType = sourcecode.swift; path = Duration.swift; sourceTree = "<group>"; };
		70E20EB729371E5300F2B2B3 /* WebView.swift */ = {isa = PBXFileReference; lastKnownFileType = sourcecode.swift; path = WebView.swift; sourceTree = "<group>"; };
		70E20EBC2937EA9A00F2B2B3 /* WebKit.framework */ = {isa = PBXFileReference; lastKnownFileType = wrapper.framework; name = WebKit.framework; path = System/Library/Frameworks/WebKit.framework; sourceTree = SDKROOT; };
		70E20EC02937EAC800F2B2B3 /* WebKit.framework */ = {isa = PBXFileReference; lastKnownFileType = wrapper.framework; name = WebKit.framework; path = Platforms/MacOSX.platform/Developer/SDKs/MacOSX12.3.sdk/System/iOSSupport/System/Library/Frameworks/WebKit.framework; sourceTree = DEVELOPER_DIR; };
		70E20EC229392D8200F2B2B3 /* UITextViewWrapper.swift */ = {isa = PBXFileReference; lastKnownFileType = sourcecode.swift; path = UITextViewWrapper.swift; sourceTree = "<group>"; };
		70E20EC42939326200F2B2B3 /* MultilineTextField.swift */ = {isa = PBXFileReference; lastKnownFileType = sourcecode.swift; path = MultilineTextField.swift; sourceTree = "<group>"; };
		70E20EC62939376500F2B2B3 /* ValueSelector.swift */ = {isa = PBXFileReference; lastKnownFileType = sourcecode.swift; path = ValueSelector.swift; sourceTree = "<group>"; };
		70E20EE4293A940200F2B2B3 /* SelektorWidgetsExtension.appex */ = {isa = PBXFileReference; explicitFileType = "wrapper.app-extension"; includeInIndex = 0; path = SelektorWidgetsExtension.appex; sourceTree = BUILT_PRODUCTS_DIR; };
		70E20EE8293A940200F2B2B3 /* SelektorWidgets.swift */ = {isa = PBXFileReference; lastKnownFileType = sourcecode.swift; path = SelektorWidgets.swift; sourceTree = "<group>"; };
		70E20EEA293A940200F2B2B3 /* SelektorWidgets.intentdefinition */ = {isa = PBXFileReference; lastKnownFileType = file.intentdefinition; path = SelektorWidgets.intentdefinition; sourceTree = "<group>"; };
		70E20EEB293A940300F2B2B3 /* Assets.xcassets */ = {isa = PBXFileReference; lastKnownFileType = folder.assetcatalog; path = Assets.xcassets; sourceTree = "<group>"; };
		70E20EED293A940300F2B2B3 /* Info.plist */ = {isa = PBXFileReference; lastKnownFileType = text.plist.xml; path = Info.plist; sourceTree = "<group>"; };
		70E20F01293E7D9000F2B2B3 /* Scheduler.swift */ = {isa = PBXFileReference; lastKnownFileType = sourcecode.swift; path = Scheduler.swift; sourceTree = "<group>"; };
		70E20F03293EA72800F2B2B3 /* HistoryView.swift */ = {isa = PBXFileReference; lastKnownFileType = sourcecode.swift; path = HistoryView.swift; sourceTree = "<group>"; };
		70E20F05293F009800F2B2B3 /* Constants.swift */ = {isa = PBXFileReference; lastKnownFileType = sourcecode.swift; path = Constants.swift; sourceTree = "<group>"; };
		70E20F072940050B00F2B2B3 /* DownloadManager.swift */ = {isa = PBXFileReference; lastKnownFileType = sourcecode.swift; path = DownloadManager.swift; sourceTree = "<group>"; };
		70E20F092941618600F2B2B3 /* AlertConfigView.swift */ = {isa = PBXFileReference; lastKnownFileType = sourcecode.swift; path = AlertConfigView.swift; sourceTree = "<group>"; };
/* End PBXFileReference section */

/* Begin PBXFrameworksBuildPhase section */
		70C18E19293678E9009C09D0 /* Frameworks */ = {
			isa = PBXFrameworksBuildPhase;
			buildActionMask = 2147483647;
			files = (
				70E20EBD2937EA9A00F2B2B3 /* WebKit.framework in Frameworks */,
				70C18E682936865A009C09D0 /* BackgroundTasks.framework in Frameworks */,
				70E20EBB2937314000F2B2B3 /* Erik in Frameworks */,
				70C18E712936A743009C09D0 /* SwiftMsgpack in Frameworks */,
			);
			runOnlyForDeploymentPostprocessing = 0;
		};
		70C18E2F293678EB009C09D0 /* Frameworks */ = {
			isa = PBXFrameworksBuildPhase;
			buildActionMask = 2147483647;
			files = (
				70E20EC12937EAC900F2B2B3 /* WebKit.framework in Frameworks */,
				70E20EBF2937EABB00F2B2B3 /* Erik in Frameworks */,
			);
			runOnlyForDeploymentPostprocessing = 0;
		};
		70C18E39293678EB009C09D0 /* Frameworks */ = {
			isa = PBXFrameworksBuildPhase;
			buildActionMask = 2147483647;
			files = (
			);
			runOnlyForDeploymentPostprocessing = 0;
		};
		70C18E502936797C009C09D0 /* Frameworks */ = {
			isa = PBXFrameworksBuildPhase;
			buildActionMask = 2147483647;
			files = (
				70C18E582936797C009C09D0 /* SwiftUI.framework in Frameworks */,
				70C18E562936797C009C09D0 /* WidgetKit.framework in Frameworks */,
			);
			runOnlyForDeploymentPostprocessing = 0;
		};
		70E20EE1293A940200F2B2B3 /* Frameworks */ = {
			isa = PBXFrameworksBuildPhase;
			buildActionMask = 2147483647;
			files = (
				70E20EE6293A940200F2B2B3 /* SwiftUI.framework in Frameworks */,
				70E20F00293E7BCF00F2B2B3 /* SwiftMsgpack in Frameworks */,
				70E20EE5293A940200F2B2B3 /* WidgetKit.framework in Frameworks */,
			);
			runOnlyForDeploymentPostprocessing = 0;
		};
/* End PBXFrameworksBuildPhase section */

/* Begin PBXGroup section */
		70C18E13293678E9009C09D0 = {
			isa = PBXGroup;
			children = (
				70E20EFE293E7B8D00F2B2B3 /* Common */,
				70C18E1E293678E9009C09D0 /* Selektor */,
				70C18E35293678EB009C09D0 /* SelektorTests */,
				70C18E3F293678EB009C09D0 /* SelektorUITests */,
				70C18E592936797C009C09D0 /* SelektorWatch */,
				70E20EE7293A940200F2B2B3 /* SelektorWidgets */,
				70C18E542936797C009C09D0 /* Frameworks */,
				70C18E1D293678E9009C09D0 /* Products */,
			);
			sourceTree = "<group>";
		};
		70C18E1D293678E9009C09D0 /* Products */ = {
			isa = PBXGroup;
			children = (
				70C18E1C293678E9009C09D0 /* Selektor.app */,
				70C18E32293678EB009C09D0 /* SelektorTests.xctest */,
				70C18E3C293678EB009C09D0 /* SelektorUITests.xctest */,
				70C18E532936797C009C09D0 /* SelektorWatchExtension.appex */,
				70E20EE4293A940200F2B2B3 /* SelektorWidgetsExtension.appex */,
			);
			name = Products;
			sourceTree = "<group>";
		};
		70C18E1E293678E9009C09D0 /* Selektor */ = {
			isa = PBXGroup;
			children = (
				70C18E1F293678E9009C09D0 /* SelektorApp.swift */,
				70C18E21293678E9009C09D0 /* ContentView.swift */,
				70C18E23293678EB009C09D0 /* Assets.xcassets */,
				70C18E2D293678EB009C09D0 /* Info.plist */,
				70C18E25293678EB009C09D0 /* Preview Content */,
				70C18E6B2936990E009C09D0 /* AppDelegate.swift */,
				70C18E732936AA82009C09D0 /* SelectorView.swift */,
				70C18E772936C770009C09D0 /* Ext.swift */,
				70E20EB729371E5300F2B2B3 /* WebView.swift */,
				70E20EC229392D8200F2B2B3 /* UITextViewWrapper.swift */,
				70E20EC42939326200F2B2B3 /* MultilineTextField.swift */,
				70E20EC62939376500F2B2B3 /* ValueSelector.swift */,
				70E20F01293E7D9000F2B2B3 /* Scheduler.swift */,
				70E20F03293EA72800F2B2B3 /* HistoryView.swift */,
				70E20F072940050B00F2B2B3 /* DownloadManager.swift */,
				70E20F092941618600F2B2B3 /* AlertConfigView.swift */,
			);
			path = Selektor;
			sourceTree = "<group>";
		};
		70C18E25293678EB009C09D0 /* Preview Content */ = {
			isa = PBXGroup;
			children = (
				70C18E26293678EB009C09D0 /* Preview Assets.xcassets */,
			);
			path = "Preview Content";
			sourceTree = "<group>";
		};
		70C18E35293678EB009C09D0 /* SelektorTests */ = {
			isa = PBXGroup;
			children = (
				70C18E36293678EB009C09D0 /* SelektorTests.swift */,
			);
			path = SelektorTests;
			sourceTree = "<group>";
		};
		70C18E3F293678EB009C09D0 /* SelektorUITests */ = {
			isa = PBXGroup;
			children = (
				70C18E40293678EB009C09D0 /* SelektorUITests.swift */,
				70C18E42293678EB009C09D0 /* SelektorUITestsLaunchTests.swift */,
			);
			path = SelektorUITests;
			sourceTree = "<group>";
		};
		70C18E542936797C009C09D0 /* Frameworks */ = {
			isa = PBXGroup;
			children = (
				70E20EBC2937EA9A00F2B2B3 /* WebKit.framework */,
				70E20EC02937EAC800F2B2B3 /* WebKit.framework */,
				70C18E672936865A009C09D0 /* BackgroundTasks.framework */,
				70C18E552936797C009C09D0 /* WidgetKit.framework */,
				70C18E572936797C009C09D0 /* SwiftUI.framework */,
			);
			name = Frameworks;
			sourceTree = "<group>";
		};
		70C18E592936797C009C09D0 /* SelektorWatch */ = {
			isa = PBXGroup;
			children = (
				70C18E5A2936797C009C09D0 /* SelektorWatch.swift */,
				70C18E5C2936797C009C09D0 /* SelektorWatch.intentdefinition */,
				70C18E5D2936797E009C09D0 /* Assets.xcassets */,
				70C18E5F2936797E009C09D0 /* Info.plist */,
			);
			path = SelektorWatch;
			sourceTree = "<group>";
		};
		70E20EE7293A940200F2B2B3 /* SelektorWidgets */ = {
			isa = PBXGroup;
			children = (
				70E20EE8293A940200F2B2B3 /* SelektorWidgets.swift */,
				70E20EEA293A940200F2B2B3 /* SelektorWidgets.intentdefinition */,
				70E20EEB293A940300F2B2B3 /* Assets.xcassets */,
				70E20EED293A940300F2B2B3 /* Info.plist */,
			);
			path = SelektorWidgets;
			sourceTree = "<group>";
		};
		70E20EFE293E7B8D00F2B2B3 /* Common */ = {
			isa = PBXGroup;
			children = (
				70C18E28293678EB009C09D0 /* Persistence.swift */,
				70C18E2A293678EB009C09D0 /* Selektor.xcdatamodeld */,
				70C18E6929369742009C09D0 /* Selector.swift */,
				70C18E6D29369F9C009C09D0 /* Result.swift */,
				70C18E752936AAF3009C09D0 /* Config.swift */,
				70C18E792936DE64009C09D0 /* Duration.swift */,
				70E20F05293F009800F2B2B3 /* Constants.swift */,
			);
			path = Common;
			sourceTree = "<group>";
		};
/* End PBXGroup section */

/* Begin PBXNativeTarget section */
		70C18E1B293678E9009C09D0 /* Selektor */ = {
			isa = PBXNativeTarget;
			buildConfigurationList = 70C18E46293678EB009C09D0 /* Build configuration list for PBXNativeTarget "Selektor" */;
			buildPhases = (
				70C18E18293678E9009C09D0 /* Sources */,
				70C18E19293678E9009C09D0 /* Frameworks */,
				70C18E1A293678E9009C09D0 /* Resources */,
				70E20EDF293A8EA600F2B2B3 /* Embed Foundation Extensions */,
			);
			buildRules = (
			);
			dependencies = (
				70C18E6629367D11009C09D0 /* PBXTargetDependency */,
				70E20EF1293A940300F2B2B3 /* PBXTargetDependency */,
			);
			name = Selektor;
			packageProductDependencies = (
				70C18E702936A743009C09D0 /* SwiftMsgpack */,
				70E20EBA2937314000F2B2B3 /* Erik */,
			);
			productName = Selektor;
			productReference = 70C18E1C293678E9009C09D0 /* Selektor.app */;
			productType = "com.apple.product-type.application";
		};
		70C18E31293678EB009C09D0 /* SelektorTests */ = {
			isa = PBXNativeTarget;
			buildConfigurationList = 70C18E49293678EB009C09D0 /* Build configuration list for PBXNativeTarget "SelektorTests" */;
			buildPhases = (
				70C18E2E293678EB009C09D0 /* Sources */,
				70C18E2F293678EB009C09D0 /* Frameworks */,
				70C18E30293678EB009C09D0 /* Resources */,
			);
			buildRules = (
			);
			dependencies = (
				70C18E34293678EB009C09D0 /* PBXTargetDependency */,
			);
			name = SelektorTests;
			packageProductDependencies = (
				70E20EBE2937EABB00F2B2B3 /* Erik */,
			);
			productName = SelektorTests;
			productReference = 70C18E32293678EB009C09D0 /* SelektorTests.xctest */;
			productType = "com.apple.product-type.bundle.unit-test";
		};
		70C18E3B293678EB009C09D0 /* SelektorUITests */ = {
			isa = PBXNativeTarget;
			buildConfigurationList = 70C18E4C293678EB009C09D0 /* Build configuration list for PBXNativeTarget "SelektorUITests" */;
			buildPhases = (
				70C18E38293678EB009C09D0 /* Sources */,
				70C18E39293678EB009C09D0 /* Frameworks */,
				70C18E3A293678EB009C09D0 /* Resources */,
			);
			buildRules = (
			);
			dependencies = (
				70C18E3E293678EB009C09D0 /* PBXTargetDependency */,
			);
			name = SelektorUITests;
			productName = SelektorUITests;
			productReference = 70C18E3C293678EB009C09D0 /* SelektorUITests.xctest */;
			productType = "com.apple.product-type.bundle.ui-testing";
		};
		70C18E522936797C009C09D0 /* SelektorWatchExtension */ = {
			isa = PBXNativeTarget;
			buildConfigurationList = 70C18E612936797E009C09D0 /* Build configuration list for PBXNativeTarget "SelektorWatchExtension" */;
			buildPhases = (
				70C18E4F2936797C009C09D0 /* Sources */,
				70C18E502936797C009C09D0 /* Frameworks */,
				70C18E512936797C009C09D0 /* Resources */,
			);
			buildRules = (
			);
			dependencies = (
			);
			name = SelektorWatchExtension;
			productName = SelektorWatchExtension;
			productReference = 70C18E532936797C009C09D0 /* SelektorWatchExtension.appex */;
			productType = "com.apple.product-type.app-extension";
		};
		70E20EE3293A940200F2B2B3 /* SelektorWidgetsExtension */ = {
			isa = PBXNativeTarget;
			buildConfigurationList = 70E20EF3293A940300F2B2B3 /* Build configuration list for PBXNativeTarget "SelektorWidgetsExtension" */;
			buildPhases = (
				70E20EE0293A940200F2B2B3 /* Sources */,
				70E20EE1293A940200F2B2B3 /* Frameworks */,
				70E20EE2293A940200F2B2B3 /* Resources */,
			);
			buildRules = (
			);
			dependencies = (
			);
			name = SelektorWidgetsExtension;
			packageProductDependencies = (
				70E20EFF293E7BCF00F2B2B3 /* SwiftMsgpack */,
			);
			productName = SelektorWidgetsExtension;
			productReference = 70E20EE4293A940200F2B2B3 /* SelektorWidgetsExtension.appex */;
			productType = "com.apple.product-type.app-extension";
		};
/* End PBXNativeTarget section */

/* Begin PBXProject section */
		70C18E14293678E9009C09D0 /* Project object */ = {
			isa = PBXProject;
			attributes = {
				BuildIndependentTargetsInParallel = 1;
				LastSwiftUpdateCheck = 1400;
				LastUpgradeCheck = 1400;
				TargetAttributes = {
					70C18E1B293678E9009C09D0 = {
						CreatedOnToolsVersion = 14.0.1;
					};
					70C18E31293678EB009C09D0 = {
						CreatedOnToolsVersion = 14.0.1;
						TestTargetID = 70C18E1B293678E9009C09D0;
					};
					70C18E3B293678EB009C09D0 = {
						CreatedOnToolsVersion = 14.0.1;
						TestTargetID = 70C18E1B293678E9009C09D0;
					};
					70C18E522936797C009C09D0 = {
						CreatedOnToolsVersion = 14.0.1;
					};
					70E20EE3293A940200F2B2B3 = {
						CreatedOnToolsVersion = 14.0.1;
					};
				};
			};
			buildConfigurationList = 70C18E17293678E9009C09D0 /* Build configuration list for PBXProject "Selektor" */;
			compatibilityVersion = "Xcode 14.0";
			developmentRegion = en;
			hasScannedForEncodings = 0;
			knownRegions = (
				en,
				Base,
			);
			mainGroup = 70C18E13293678E9009C09D0;
			packageReferences = (
				70C18E6F2936A743009C09D0 /* XCRemoteSwiftPackageReference "swift-msgpack" */,
				70E20EB92937314000F2B2B3 /* XCRemoteSwiftPackageReference "Erik" */,
				70E20EC8293951CE00F2B2B3 /* XCRemoteSwiftPackageReference "WKZombie" */,
			);
			productRefGroup = 70C18E1D293678E9009C09D0 /* Products */;
			projectDirPath = "";
			projectRoot = "";
			targets = (
				70C18E1B293678E9009C09D0 /* Selektor */,
				70C18E31293678EB009C09D0 /* SelektorTests */,
				70C18E3B293678EB009C09D0 /* SelektorUITests */,
				70C18E522936797C009C09D0 /* SelektorWatchExtension */,
				70E20EE3293A940200F2B2B3 /* SelektorWidgetsExtension */,
			);
		};
/* End PBXProject section */

/* Begin PBXResourcesBuildPhase section */
		70C18E1A293678E9009C09D0 /* Resources */ = {
			isa = PBXResourcesBuildPhase;
			buildActionMask = 2147483647;
			files = (
				70C18E6429367CB6009C09D0 /* SelektorWatchExtension.appex in Resources */,
				70C18E27293678EB009C09D0 /* Preview Assets.xcassets in Resources */,
				70C18E24293678EB009C09D0 /* Assets.xcassets in Resources */,
			);
			runOnlyForDeploymentPostprocessing = 0;
		};
		70C18E30293678EB009C09D0 /* Resources */ = {
			isa = PBXResourcesBuildPhase;
			buildActionMask = 2147483647;
			files = (
			);
			runOnlyForDeploymentPostprocessing = 0;
		};
		70C18E3A293678EB009C09D0 /* Resources */ = {
			isa = PBXResourcesBuildPhase;
			buildActionMask = 2147483647;
			files = (
			);
			runOnlyForDeploymentPostprocessing = 0;
		};
		70C18E512936797C009C09D0 /* Resources */ = {
			isa = PBXResourcesBuildPhase;
			buildActionMask = 2147483647;
			files = (
				70C18E5E2936797E009C09D0 /* Assets.xcassets in Resources */,
			);
			runOnlyForDeploymentPostprocessing = 0;
		};
		70E20EE2293A940200F2B2B3 /* Resources */ = {
			isa = PBXResourcesBuildPhase;
			buildActionMask = 2147483647;
			files = (
				70E20EEC293A940300F2B2B3 /* Assets.xcassets in Resources */,
			);
			runOnlyForDeploymentPostprocessing = 0;
		};
/* End PBXResourcesBuildPhase section */

/* Begin PBXSourcesBuildPhase section */
		70C18E18293678E9009C09D0 /* Sources */ = {
			isa = PBXSourcesBuildPhase;
			buildActionMask = 2147483647;
			files = (
				70C18E6C2936990E009C09D0 /* AppDelegate.swift in Sources */,
				70E20F06293F009800F2B2B3 /* Constants.swift in Sources */,
				70E20EC329392D8200F2B2B3 /* UITextViewWrapper.swift in Sources */,
				70E20EEF293A940300F2B2B3 /* SelektorWidgets.intentdefinition in Sources */,
				70C18E7A2936DE64009C09D0 /* Duration.swift in Sources */,
				70E20EC72939376500F2B2B3 /* ValueSelector.swift in Sources */,
				70E20EC52939326200F2B2B3 /* MultilineTextField.swift in Sources */,
				70C18E742936AA83009C09D0 /* SelectorView.swift in Sources */,
				70E20F04293EA72800F2B2B3 /* HistoryView.swift in Sources */,
				70C18E762936AAF3009C09D0 /* Config.swift in Sources */,
				70C18E29293678EB009C09D0 /* Persistence.swift in Sources */,
				70E20F082940050B00F2B2B3 /* DownloadManager.swift in Sources */,
				70C18E22293678E9009C09D0 /* ContentView.swift in Sources */,
				70E20F0A2941618600F2B2B3 /* AlertConfigView.swift in Sources */,
				70E20F02293E7D9100F2B2B3 /* Scheduler.swift in Sources */,
				70C18E6A29369742009C09D0 /* Selector.swift in Sources */,
				70C18E6E29369F9C009C09D0 /* Result.swift in Sources */,
				70C18E2C293678EB009C09D0 /* Selektor.xcdatamodeld in Sources */,
				70E20EB829371E5300F2B2B3 /* WebView.swift in Sources */,
				70C18E20293678E9009C09D0 /* SelektorApp.swift in Sources */,
				70C18E782936C770009C09D0 /* Ext.swift in Sources */,
			);
			runOnlyForDeploymentPostprocessing = 0;
		};
		70C18E2E293678EB009C09D0 /* Sources */ = {
			isa = PBXSourcesBuildPhase;
			buildActionMask = 2147483647;
			files = (
				70C18E722936A7AB009C09D0 /* Result.swift in Sources */,
				70C18E37293678EB009C09D0 /* SelektorTests.swift in Sources */,
			);
			runOnlyForDeploymentPostprocessing = 0;
		};
		70C18E38293678EB009C09D0 /* Sources */ = {
			isa = PBXSourcesBuildPhase;
			buildActionMask = 2147483647;
			files = (
				70C18E43293678EB009C09D0 /* SelektorUITestsLaunchTests.swift in Sources */,
				70C18E41293678EB009C09D0 /* SelektorUITests.swift in Sources */,
			);
			runOnlyForDeploymentPostprocessing = 0;
		};
		70C18E4F2936797C009C09D0 /* Sources */ = {
			isa = PBXSourcesBuildPhase;
			buildActionMask = 2147483647;
			files = (
				70C18E5B2936797C009C09D0 /* SelektorWatch.swift in Sources */,
				70C18E602936797E009C09D0 /* SelektorWatch.intentdefinition in Sources */,
			);
			runOnlyForDeploymentPostprocessing = 0;
		};
		70E20EE0293A940200F2B2B3 /* Sources */ = {
			isa = PBXSourcesBuildPhase;
			buildActionMask = 2147483647;
			files = (
				70E20EFC293E7AF000F2B2B3 /* Result.swift in Sources */,
				70E20EF9293AA23600F2B2B3 /* Selektor.xcdatamodeld in Sources */,
				70E20EF6293A9FA100F2B2B3 /* Persistence.swift in Sources */,
				70E20EEE293A940300F2B2B3 /* SelektorWidgets.intentdefinition in Sources */,
				70E20EFD293E7B1000F2B2B3 /* Duration.swift in Sources */,
				70E20EE9293A940200F2B2B3 /* SelektorWidgets.swift in Sources */,
				70E20EFB293E779800F2B2B3 /* Config.swift in Sources */,
				70E20EFA293AA51100F2B2B3 /* Selector.swift in Sources */,
			);
			runOnlyForDeploymentPostprocessing = 0;
		};
/* End PBXSourcesBuildPhase section */

/* Begin PBXTargetDependency section */
		70C18E34293678EB009C09D0 /* PBXTargetDependency */ = {
			isa = PBXTargetDependency;
			target = 70C18E1B293678E9009C09D0 /* Selektor */;
			targetProxy = 70C18E33293678EB009C09D0 /* PBXContainerItemProxy */;
		};
		70C18E3E293678EB009C09D0 /* PBXTargetDependency */ = {
			isa = PBXTargetDependency;
			target = 70C18E1B293678E9009C09D0 /* Selektor */;
			targetProxy = 70C18E3D293678EB009C09D0 /* PBXContainerItemProxy */;
		};
		70C18E6629367D11009C09D0 /* PBXTargetDependency */ = {
			isa = PBXTargetDependency;
			target = 70C18E522936797C009C09D0 /* SelektorWatchExtension */;
			targetProxy = 70C18E6529367D11009C09D0 /* PBXContainerItemProxy */;
		};
		70E20EF1293A940300F2B2B3 /* PBXTargetDependency */ = {
			isa = PBXTargetDependency;
			target = 70E20EE3293A940200F2B2B3 /* SelektorWidgetsExtension */;
			targetProxy = 70E20EF0293A940300F2B2B3 /* PBXContainerItemProxy */;
		};
/* End PBXTargetDependency section */

/* Begin XCBuildConfiguration section */
		70C18E44293678EB009C09D0 /* Debug */ = {
			isa = XCBuildConfiguration;
			buildSettings = {
				ALWAYS_SEARCH_USER_PATHS = NO;
				CLANG_ANALYZER_NONNULL = YES;
				CLANG_ANALYZER_NUMBER_OBJECT_CONVERSION = YES_AGGRESSIVE;
				CLANG_CXX_LANGUAGE_STANDARD = "gnu++20";
				CLANG_ENABLE_MODULES = YES;
				CLANG_ENABLE_OBJC_ARC = YES;
				CLANG_ENABLE_OBJC_WEAK = YES;
				CLANG_WARN_BLOCK_CAPTURE_AUTORELEASING = YES;
				CLANG_WARN_BOOL_CONVERSION = YES;
				CLANG_WARN_COMMA = YES;
				CLANG_WARN_CONSTANT_CONVERSION = YES;
				CLANG_WARN_DEPRECATED_OBJC_IMPLEMENTATIONS = YES;
				CLANG_WARN_DIRECT_OBJC_ISA_USAGE = YES_ERROR;
				CLANG_WARN_DOCUMENTATION_COMMENTS = YES;
				CLANG_WARN_EMPTY_BODY = YES;
				CLANG_WARN_ENUM_CONVERSION = YES;
				CLANG_WARN_INFINITE_RECURSION = YES;
				CLANG_WARN_INT_CONVERSION = YES;
				CLANG_WARN_NON_LITERAL_NULL_CONVERSION = YES;
				CLANG_WARN_OBJC_IMPLICIT_RETAIN_SELF = YES;
				CLANG_WARN_OBJC_LITERAL_CONVERSION = YES;
				CLANG_WARN_OBJC_ROOT_CLASS = YES_ERROR;
				CLANG_WARN_QUOTED_INCLUDE_IN_FRAMEWORK_HEADER = YES;
				CLANG_WARN_RANGE_LOOP_ANALYSIS = YES;
				CLANG_WARN_STRICT_PROTOTYPES = YES;
				CLANG_WARN_SUSPICIOUS_MOVE = YES;
				CLANG_WARN_UNGUARDED_AVAILABILITY = YES_AGGRESSIVE;
				CLANG_WARN_UNREACHABLE_CODE = YES;
				CLANG_WARN__DUPLICATE_METHOD_MATCH = YES;
				COPY_PHASE_STRIP = NO;
				DEBUG_INFORMATION_FORMAT = dwarf;
				ENABLE_STRICT_OBJC_MSGSEND = YES;
				ENABLE_TESTABILITY = YES;
				GCC_C_LANGUAGE_STANDARD = gnu11;
				GCC_DYNAMIC_NO_PIC = NO;
				GCC_NO_COMMON_BLOCKS = YES;
				GCC_OPTIMIZATION_LEVEL = 0;
				GCC_PREPROCESSOR_DEFINITIONS = (
					"DEBUG=1",
					"$(inherited)",
				);
				GCC_WARN_64_TO_32_BIT_CONVERSION = YES;
				GCC_WARN_ABOUT_RETURN_TYPE = YES_ERROR;
				GCC_WARN_UNDECLARED_SELECTOR = YES;
				GCC_WARN_UNINITIALIZED_AUTOS = YES_AGGRESSIVE;
				GCC_WARN_UNUSED_FUNCTION = YES;
				GCC_WARN_UNUSED_VARIABLE = YES;
				IPHONEOS_DEPLOYMENT_TARGET = 16.0;
				MTL_ENABLE_DEBUG_INFO = INCLUDE_SOURCE;
				MTL_FAST_MATH = YES;
				ONLY_ACTIVE_ARCH = YES;
				SDKROOT = iphoneos;
				SWIFT_ACTIVE_COMPILATION_CONDITIONS = DEBUG;
				SWIFT_OPTIMIZATION_LEVEL = "-Onone";
			};
			name = Debug;
		};
		70C18E45293678EB009C09D0 /* Release */ = {
			isa = XCBuildConfiguration;
			buildSettings = {
				ALWAYS_SEARCH_USER_PATHS = NO;
				CLANG_ANALYZER_NONNULL = YES;
				CLANG_ANALYZER_NUMBER_OBJECT_CONVERSION = YES_AGGRESSIVE;
				CLANG_CXX_LANGUAGE_STANDARD = "gnu++20";
				CLANG_ENABLE_MODULES = YES;
				CLANG_ENABLE_OBJC_ARC = YES;
				CLANG_ENABLE_OBJC_WEAK = YES;
				CLANG_WARN_BLOCK_CAPTURE_AUTORELEASING = YES;
				CLANG_WARN_BOOL_CONVERSION = YES;
				CLANG_WARN_COMMA = YES;
				CLANG_WARN_CONSTANT_CONVERSION = YES;
				CLANG_WARN_DEPRECATED_OBJC_IMPLEMENTATIONS = YES;
				CLANG_WARN_DIRECT_OBJC_ISA_USAGE = YES_ERROR;
				CLANG_WARN_DOCUMENTATION_COMMENTS = YES;
				CLANG_WARN_EMPTY_BODY = YES;
				CLANG_WARN_ENUM_CONVERSION = YES;
				CLANG_WARN_INFINITE_RECURSION = YES;
				CLANG_WARN_INT_CONVERSION = YES;
				CLANG_WARN_NON_LITERAL_NULL_CONVERSION = YES;
				CLANG_WARN_OBJC_IMPLICIT_RETAIN_SELF = YES;
				CLANG_WARN_OBJC_LITERAL_CONVERSION = YES;
				CLANG_WARN_OBJC_ROOT_CLASS = YES_ERROR;
				CLANG_WARN_QUOTED_INCLUDE_IN_FRAMEWORK_HEADER = YES;
				CLANG_WARN_RANGE_LOOP_ANALYSIS = YES;
				CLANG_WARN_STRICT_PROTOTYPES = YES;
				CLANG_WARN_SUSPICIOUS_MOVE = YES;
				CLANG_WARN_UNGUARDED_AVAILABILITY = YES_AGGRESSIVE;
				CLANG_WARN_UNREACHABLE_CODE = YES;
				CLANG_WARN__DUPLICATE_METHOD_MATCH = YES;
				COPY_PHASE_STRIP = NO;
				DEBUG_INFORMATION_FORMAT = "dwarf-with-dsym";
				ENABLE_NS_ASSERTIONS = NO;
				ENABLE_STRICT_OBJC_MSGSEND = YES;
				GCC_C_LANGUAGE_STANDARD = gnu11;
				GCC_NO_COMMON_BLOCKS = YES;
				GCC_WARN_64_TO_32_BIT_CONVERSION = YES;
				GCC_WARN_ABOUT_RETURN_TYPE = YES_ERROR;
				GCC_WARN_UNDECLARED_SELECTOR = YES;
				GCC_WARN_UNINITIALIZED_AUTOS = YES_AGGRESSIVE;
				GCC_WARN_UNUSED_FUNCTION = YES;
				GCC_WARN_UNUSED_VARIABLE = YES;
				IPHONEOS_DEPLOYMENT_TARGET = 16.0;
				MTL_ENABLE_DEBUG_INFO = NO;
				MTL_FAST_MATH = YES;
				SDKROOT = iphoneos;
				SWIFT_COMPILATION_MODE = wholemodule;
				SWIFT_OPTIMIZATION_LEVEL = "-O";
				VALIDATE_PRODUCT = YES;
			};
			name = Release;
		};
		70C18E47293678EB009C09D0 /* Debug */ = {
			isa = XCBuildConfiguration;
			buildSettings = {
				ALWAYS_EMBED_SWIFT_STANDARD_LIBRARIES = YES;
				ASSETCATALOG_COMPILER_APPICON_NAME = AppIcon;
				ASSETCATALOG_COMPILER_GLOBAL_ACCENT_COLOR_NAME = AccentColor;
				CODE_SIGN_STYLE = Automatic;
				CURRENT_PROJECT_VERSION = 1;
				DEVELOPMENT_ASSET_PATHS = "\"Selektor/Preview Content\"";
				DEVELOPMENT_TEAM = 3W2S6XUTR8;
				ENABLE_PREVIEWS = YES;
				GENERATE_INFOPLIST_FILE = YES;
				INFOPLIST_FILE = Selektor/Info.plist;
				INFOPLIST_KEY_NSCameraUsageDescription = "Embedded web views may request camera.";
				INFOPLIST_KEY_NSMicrophoneUsageDescription = "Embedded web views may request microphone.";
				INFOPLIST_KEY_UIApplicationSceneManifest_Generation = YES;
				INFOPLIST_KEY_UIApplicationSupportsIndirectInputEvents = YES;
				INFOPLIST_KEY_UILaunchScreen_Generation = YES;
				INFOPLIST_KEY_UISupportedInterfaceOrientations_iPad = "UIInterfaceOrientationPortrait UIInterfaceOrientationPortraitUpsideDown UIInterfaceOrientationLandscapeLeft UIInterfaceOrientationLandscapeRight";
				INFOPLIST_KEY_UISupportedInterfaceOrientations_iPhone = "UIInterfaceOrientationPortrait UIInterfaceOrientationLandscapeLeft UIInterfaceOrientationLandscapeRight";
				LD_RUNPATH_SEARCH_PATHS = (
					"$(inherited)",
					"@executable_path/Frameworks",
				);
				MARKETING_VERSION = 1.0;
				PRODUCT_BUNDLE_IDENTIFIER = org.metastatic.Selektor;
				PRODUCT_NAME = "$(TARGET_NAME)";
				SWIFT_EMIT_LOC_STRINGS = YES;
				SWIFT_VERSION = 5.0;
				TARGETED_DEVICE_FAMILY = "1,2";
			};
			name = Debug;
		};
		70C18E48293678EB009C09D0 /* Release */ = {
			isa = XCBuildConfiguration;
			buildSettings = {
				ALWAYS_EMBED_SWIFT_STANDARD_LIBRARIES = YES;
				ASSETCATALOG_COMPILER_APPICON_NAME = AppIcon;
				ASSETCATALOG_COMPILER_GLOBAL_ACCENT_COLOR_NAME = AccentColor;
				CODE_SIGN_STYLE = Automatic;
				CURRENT_PROJECT_VERSION = 1;
				DEVELOPMENT_ASSET_PATHS = "\"Selektor/Preview Content\"";
				DEVELOPMENT_TEAM = 3W2S6XUTR8;
				ENABLE_PREVIEWS = YES;
				GENERATE_INFOPLIST_FILE = YES;
				INFOPLIST_FILE = Selektor/Info.plist;
				INFOPLIST_KEY_NSCameraUsageDescription = "Embedded web views may request camera.";
				INFOPLIST_KEY_NSMicrophoneUsageDescription = "Embedded web views may request microphone.";
				INFOPLIST_KEY_UIApplicationSceneManifest_Generation = YES;
				INFOPLIST_KEY_UIApplicationSupportsIndirectInputEvents = YES;
				INFOPLIST_KEY_UILaunchScreen_Generation = YES;
				INFOPLIST_KEY_UISupportedInterfaceOrientations_iPad = "UIInterfaceOrientationPortrait UIInterfaceOrientationPortraitUpsideDown UIInterfaceOrientationLandscapeLeft UIInterfaceOrientationLandscapeRight";
				INFOPLIST_KEY_UISupportedInterfaceOrientations_iPhone = "UIInterfaceOrientationPortrait UIInterfaceOrientationLandscapeLeft UIInterfaceOrientationLandscapeRight";
				LD_RUNPATH_SEARCH_PATHS = (
					"$(inherited)",
					"@executable_path/Frameworks",
				);
				MARKETING_VERSION = 1.0;
				PRODUCT_BUNDLE_IDENTIFIER = org.metastatic.Selektor;
				PRODUCT_NAME = "$(TARGET_NAME)";
				SWIFT_EMIT_LOC_STRINGS = YES;
				SWIFT_VERSION = 5.0;
				TARGETED_DEVICE_FAMILY = "1,2";
			};
			name = Release;
		};
		70C18E4A293678EB009C09D0 /* Debug */ = {
			isa = XCBuildConfiguration;
			buildSettings = {
				ALWAYS_EMBED_SWIFT_STANDARD_LIBRARIES = YES;
				BUNDLE_LOADER = "$(TEST_HOST)";
				CODE_SIGN_STYLE = Automatic;
				CURRENT_PROJECT_VERSION = 1;
				DEVELOPMENT_TEAM = 3W2S6XUTR8;
				GENERATE_INFOPLIST_FILE = YES;
				IPHONEOS_DEPLOYMENT_TARGET = 16.0;
				MARKETING_VERSION = 1.0;
				PRODUCT_BUNDLE_IDENTIFIER = org.metastatic.SelektorTests;
				PRODUCT_NAME = "$(TARGET_NAME)";
				SWIFT_EMIT_LOC_STRINGS = NO;
				SWIFT_VERSION = 5.0;
				TARGETED_DEVICE_FAMILY = "1,2";
				TEST_HOST = "$(BUILT_PRODUCTS_DIR)/Selektor.app/$(BUNDLE_EXECUTABLE_FOLDER_PATH)/Selektor";
			};
			name = Debug;
		};
		70C18E4B293678EB009C09D0 /* Release */ = {
			isa = XCBuildConfiguration;
			buildSettings = {
				ALWAYS_EMBED_SWIFT_STANDARD_LIBRARIES = YES;
				BUNDLE_LOADER = "$(TEST_HOST)";
				CODE_SIGN_STYLE = Automatic;
				CURRENT_PROJECT_VERSION = 1;
				DEVELOPMENT_TEAM = 3W2S6XUTR8;
				GENERATE_INFOPLIST_FILE = YES;
				IPHONEOS_DEPLOYMENT_TARGET = 16.0;
				MARKETING_VERSION = 1.0;
				PRODUCT_BUNDLE_IDENTIFIER = org.metastatic.SelektorTests;
				PRODUCT_NAME = "$(TARGET_NAME)";
				SWIFT_EMIT_LOC_STRINGS = NO;
				SWIFT_VERSION = 5.0;
				TARGETED_DEVICE_FAMILY = "1,2";
				TEST_HOST = "$(BUILT_PRODUCTS_DIR)/Selektor.app/$(BUNDLE_EXECUTABLE_FOLDER_PATH)/Selektor";
			};
			name = Release;
		};
		70C18E4D293678EB009C09D0 /* Debug */ = {
			isa = XCBuildConfiguration;
			buildSettings = {
				ALWAYS_EMBED_SWIFT_STANDARD_LIBRARIES = YES;
				CODE_SIGN_STYLE = Automatic;
				CURRENT_PROJECT_VERSION = 1;
				DEVELOPMENT_TEAM = 3W2S6XUTR8;
				GENERATE_INFOPLIST_FILE = YES;
				MARKETING_VERSION = 1.0;
				PRODUCT_BUNDLE_IDENTIFIER = org.metastatic.SelektorUITests;
				PRODUCT_NAME = "$(TARGET_NAME)";
				SWIFT_EMIT_LOC_STRINGS = NO;
				SWIFT_VERSION = 5.0;
				TARGETED_DEVICE_FAMILY = "1,2";
				TEST_TARGET_NAME = Selektor;
			};
			name = Debug;
		};
		70C18E4E293678EB009C09D0 /* Release */ = {
			isa = XCBuildConfiguration;
			buildSettings = {
				ALWAYS_EMBED_SWIFT_STANDARD_LIBRARIES = YES;
				CODE_SIGN_STYLE = Automatic;
				CURRENT_PROJECT_VERSION = 1;
				DEVELOPMENT_TEAM = 3W2S6XUTR8;
				GENERATE_INFOPLIST_FILE = YES;
				MARKETING_VERSION = 1.0;
				PRODUCT_BUNDLE_IDENTIFIER = org.metastatic.SelektorUITests;
				PRODUCT_NAME = "$(TARGET_NAME)";
				SWIFT_EMIT_LOC_STRINGS = NO;
				SWIFT_VERSION = 5.0;
				TARGETED_DEVICE_FAMILY = "1,2";
				TEST_TARGET_NAME = Selektor;
			};
			name = Release;
		};
		70C18E622936797E009C09D0 /* Debug */ = {
			isa = XCBuildConfiguration;
			buildSettings = {
				ASSETCATALOG_COMPILER_GLOBAL_ACCENT_COLOR_NAME = AccentColor;
				ASSETCATALOG_COMPILER_WIDGET_BACKGROUND_COLOR_NAME = WidgetBackground;
				CODE_SIGN_STYLE = Automatic;
				CURRENT_PROJECT_VERSION = 1;
				DEVELOPMENT_TEAM = 3W2S6XUTR8;
				GENERATE_INFOPLIST_FILE = YES;
				INFOPLIST_FILE = SelektorWatch/Info.plist;
				INFOPLIST_KEY_CFBundleDisplayName = SelektorWatch;
				INFOPLIST_KEY_NSHumanReadableCopyright = "";
				LD_RUNPATH_SEARCH_PATHS = (
					"$(inherited)",
					"@executable_path/Frameworks",
					"@executable_path/../../Frameworks",
					"@executable_path/../../../../Frameworks",
				);
				MARKETING_VERSION = 1.0;
				PRODUCT_BUNDLE_IDENTIFIER = org.metastatic.SelektorWatch;
				PRODUCT_NAME = "$(TARGET_NAME)";
				SDKROOT = watchos;
				SKIP_INSTALL = YES;
				SWIFT_EMIT_LOC_STRINGS = YES;
				SWIFT_VERSION = 5.0;
				TARGETED_DEVICE_FAMILY = 4;
				WATCHOS_DEPLOYMENT_TARGET = 9.0;
			};
			name = Debug;
		};
		70C18E632936797E009C09D0 /* Release */ = {
			isa = XCBuildConfiguration;
			buildSettings = {
				ASSETCATALOG_COMPILER_GLOBAL_ACCENT_COLOR_NAME = AccentColor;
				ASSETCATALOG_COMPILER_WIDGET_BACKGROUND_COLOR_NAME = WidgetBackground;
				CODE_SIGN_STYLE = Automatic;
				CURRENT_PROJECT_VERSION = 1;
				DEVELOPMENT_TEAM = 3W2S6XUTR8;
				GENERATE_INFOPLIST_FILE = YES;
				INFOPLIST_FILE = SelektorWatch/Info.plist;
				INFOPLIST_KEY_CFBundleDisplayName = SelektorWatch;
				INFOPLIST_KEY_NSHumanReadableCopyright = "";
				LD_RUNPATH_SEARCH_PATHS = (
					"$(inherited)",
					"@executable_path/Frameworks",
					"@executable_path/../../Frameworks",
					"@executable_path/../../../../Frameworks",
				);
				MARKETING_VERSION = 1.0;
				PRODUCT_BUNDLE_IDENTIFIER = org.metastatic.SelektorWatch;
				PRODUCT_NAME = "$(TARGET_NAME)";
				SDKROOT = watchos;
				SKIP_INSTALL = YES;
				SWIFT_EMIT_LOC_STRINGS = YES;
				SWIFT_VERSION = 5.0;
				TARGETED_DEVICE_FAMILY = 4;
				WATCHOS_DEPLOYMENT_TARGET = 9.0;
			};
			name = Release;
		};
		70E20EF4293A940300F2B2B3 /* Debug */ = {
			isa = XCBuildConfiguration;
			buildSettings = {
				ASSETCATALOG_COMPILER_GLOBAL_ACCENT_COLOR_NAME = AccentColor;
				ASSETCATALOG_COMPILER_WIDGET_BACKGROUND_COLOR_NAME = WidgetBackground;
				CODE_SIGN_STYLE = Automatic;
				CURRENT_PROJECT_VERSION = 1;
				DEVELOPMENT_TEAM = 3W2S6XUTR8;
				GENERATE_INFOPLIST_FILE = YES;
				INFOPLIST_FILE = SelektorWidgets/Info.plist;
				INFOPLIST_KEY_CFBundleDisplayName = SelektorWidgets;
				INFOPLIST_KEY_NSHumanReadableCopyright = "";
				LD_RUNPATH_SEARCH_PATHS = (
					"$(inherited)",
					"@executable_path/Frameworks",
					"@executable_path/../../Frameworks",
				);
				MARKETING_VERSION = 1.0;
				PRODUCT_BUNDLE_IDENTIFIER = org.metastatic.Selektor.SelektorWidgets;
				PRODUCT_NAME = "$(TARGET_NAME)";
				SKIP_INSTALL = YES;
				SWIFT_EMIT_LOC_STRINGS = YES;
				SWIFT_VERSION = 5.0;
				TARGETED_DEVICE_FAMILY = "1,2";
			};
			name = Debug;
		};
		70E20EF5293A940300F2B2B3 /* Release */ = {
			isa = XCBuildConfiguration;
			buildSettings = {
				ASSETCATALOG_COMPILER_GLOBAL_ACCENT_COLOR_NAME = AccentColor;
				ASSETCATALOG_COMPILER_WIDGET_BACKGROUND_COLOR_NAME = WidgetBackground;
				CODE_SIGN_STYLE = Automatic;
				CURRENT_PROJECT_VERSION = 1;
				DEVELOPMENT_TEAM = 3W2S6XUTR8;
				GENERATE_INFOPLIST_FILE = YES;
				INFOPLIST_FILE = SelektorWidgets/Info.plist;
				INFOPLIST_KEY_CFBundleDisplayName = SelektorWidgets;
				INFOPLIST_KEY_NSHumanReadableCopyright = "";
				LD_RUNPATH_SEARCH_PATHS = (
					"$(inherited)",
					"@executable_path/Frameworks",
					"@executable_path/../../Frameworks",
				);
				MARKETING_VERSION = 1.0;
				PRODUCT_BUNDLE_IDENTIFIER = org.metastatic.Selektor.SelektorWidgets;
				PRODUCT_NAME = "$(TARGET_NAME)";
				SKIP_INSTALL = YES;
				SWIFT_EMIT_LOC_STRINGS = YES;
				SWIFT_VERSION = 5.0;
				TARGETED_DEVICE_FAMILY = "1,2";
			};
			name = Release;
		};
/* End XCBuildConfiguration section */

/* Begin XCConfigurationList section */
		70C18E17293678E9009C09D0 /* Build configuration list for PBXProject "Selektor" */ = {
			isa = XCConfigurationList;
			buildConfigurations = (
				70C18E44293678EB009C09D0 /* Debug */,
				70C18E45293678EB009C09D0 /* Release */,
			);
			defaultConfigurationIsVisible = 0;
			defaultConfigurationName = Release;
		};
		70C18E46293678EB009C09D0 /* Build configuration list for PBXNativeTarget "Selektor" */ = {
			isa = XCConfigurationList;
			buildConfigurations = (
				70C18E47293678EB009C09D0 /* Debug */,
				70C18E48293678EB009C09D0 /* Release */,
			);
			defaultConfigurationIsVisible = 0;
			defaultConfigurationName = Release;
		};
		70C18E49293678EB009C09D0 /* Build configuration list for PBXNativeTarget "SelektorTests" */ = {
			isa = XCConfigurationList;
			buildConfigurations = (
				70C18E4A293678EB009C09D0 /* Debug */,
				70C18E4B293678EB009C09D0 /* Release */,
			);
			defaultConfigurationIsVisible = 0;
			defaultConfigurationName = Release;
		};
		70C18E4C293678EB009C09D0 /* Build configuration list for PBXNativeTarget "SelektorUITests" */ = {
			isa = XCConfigurationList;
			buildConfigurations = (
				70C18E4D293678EB009C09D0 /* Debug */,
				70C18E4E293678EB009C09D0 /* Release */,
			);
			defaultConfigurationIsVisible = 0;
			defaultConfigurationName = Release;
		};
		70C18E612936797E009C09D0 /* Build configuration list for PBXNativeTarget "SelektorWatchExtension" */ = {
			isa = XCConfigurationList;
			buildConfigurations = (
				70C18E622936797E009C09D0 /* Debug */,
				70C18E632936797E009C09D0 /* Release */,
			);
			defaultConfigurationIsVisible = 0;
			defaultConfigurationName = Release;
		};
		70E20EF3293A940300F2B2B3 /* Build configuration list for PBXNativeTarget "SelektorWidgetsExtension" */ = {
			isa = XCConfigurationList;
			buildConfigurations = (
				70E20EF4293A940300F2B2B3 /* Debug */,
				70E20EF5293A940300F2B2B3 /* Release */,
			);
			defaultConfigurationIsVisible = 0;
			defaultConfigurationName = Release;
		};
/* End XCConfigurationList section */

/* Begin XCRemoteSwiftPackageReference section */
		70C18E6F2936A743009C09D0 /* XCRemoteSwiftPackageReference "swift-msgpack" */ = {
			isa = XCRemoteSwiftPackageReference;
			repositoryURL = "https://github.com/nnabeyang/swift-msgpack";
			requirement = {
				kind = upToNextMajorVersion;
				minimumVersion = 0.2.1;
			};
		};
		70E20EB92937314000F2B2B3 /* XCRemoteSwiftPackageReference "Erik" */ = {
			isa = XCRemoteSwiftPackageReference;
			repositoryURL = "https://github.com/phimage/Erik";
			requirement = {
				kind = upToNextMajorVersion;
				minimumVersion = 5.0.0;
			};
		};
		70E20EC8293951CE00F2B2B3 /* XCRemoteSwiftPackageReference "WKZombie" */ = {
			isa = XCRemoteSwiftPackageReference;
			repositoryURL = "https://github.com/mkoehnke/WKZombie";
			requirement = {
				kind = upToNextMajorVersion;
				minimumVersion = 1.0.0;
			};
		};
/* End XCRemoteSwiftPackageReference section */

/* Begin XCSwiftPackageProductDependency section */
		70C18E702936A743009C09D0 /* SwiftMsgpack */ = {
			isa = XCSwiftPackageProductDependency;
			package = 70C18E6F2936A743009C09D0 /* XCRemoteSwiftPackageReference "swift-msgpack" */;
			productName = SwiftMsgpack;
		};
		70E20EBA2937314000F2B2B3 /* Erik */ = {
			isa = XCSwiftPackageProductDependency;
			package = 70E20EB92937314000F2B2B3 /* XCRemoteSwiftPackageReference "Erik" */;
			productName = Erik;
		};
		70E20EBE2937EABB00F2B2B3 /* Erik */ = {
			isa = XCSwiftPackageProductDependency;
			package = 70E20EB92937314000F2B2B3 /* XCRemoteSwiftPackageReference "Erik" */;
			productName = Erik;
		};
		70E20EFF293E7BCF00F2B2B3 /* SwiftMsgpack */ = {
			isa = XCSwiftPackageProductDependency;
			package = 70C18E6F2936A743009C09D0 /* XCRemoteSwiftPackageReference "swift-msgpack" */;
			productName = SwiftMsgpack;
		};
/* End XCSwiftPackageProductDependency section */

/* Begin XCVersionGroup section */
		70C18E2A293678EB009C09D0 /* Selektor.xcdatamodeld */ = {
			isa = XCVersionGroup;
			children = (
				70C18E2B293678EB009C09D0 /* Selektor.xcdatamodel */,
			);
			currentVersion = 70C18E2B293678EB009C09D0 /* Selektor.xcdatamodel */;
			path = Selektor.xcdatamodeld;
			sourceTree = "<group>";
			versionGroupType = wrapper.xcdatamodel;
		};
/* End XCVersionGroup section */
	};
	rootObject = 70C18E14293678E9009C09D0 /* Project object */;
}
